{
    "_meta": {
        "hash": {
            "sha256": "c63353497bc2fe43d118c55f0d02d15bdec745e2d19ae8775e23d632b8a8e466"
        },
        "requires": {},
        "sources": [
            {
                "url": "https://pypi.python.org/simple",
                "verify_ssl": true
            }
        ]
    },
    "default": {
        "Keras": {
            "hash": "sha256:b8b4682d3a77f4d74dd6e5dc9a7a71584f3bedcfd3ea58501c9415e4fd408475",
            "version": "==2.0.8"
        },
        "Markdown": {
            "hash": "sha256:73af797238b95768b3a9b6fe6270e250e5c09d988b8e5b223fd5efa4e06faf81",
            "version": "==2.6.9"
        },
        "Pillow": {
            "hash": "sha256:4757ad2eee627dca861289291512e66292ce535c2bc79210321c440381cf0901",
            "version": "==4.2.1"
        },
        "PyYAML": {
            "hash": "sha256:592766c6303207a20efc445587778322d7f73b161bd994f227adaa341ba212ab",
            "version": "==3.12"
        },
        "Werkzeug": {
            "hash": "sha256:e8549c143af3ce6559699a01e26fa4174f4c591dbee0a499f3cd4c3781cdec3d",
            "version": "==0.12.2"
        },
        "bleach": {
            "hash": "sha256:e67f46adcec78dbc3c04462f3aba3213a673d5652eba2609ed1ef15492a44b8d",
            "version": "==1.5.0"
        },
        "h5py": {
            "hash": "sha256:07ddea6bb649a257fc57ccae359a36d691b2ef8b9617971ae7d6f74ef6f67cad",
            "version": "==2.7.1"
        },
        "html5lib": {
            "hash": "sha256:2612a191a8d5842bfa057e41ba50bbb9dcb722419d2408c78cff4758d0754868",
            "version": "==0.9999999"
        },
        "numpy": {
            "hash": "sha256:9a8515002f143a5934f25ad2aacdfd1fcf57a7f5da6142c439eb8787ef65e8a6",
            "version": "==1.13.1"
        },
        "olefile": {
            "hash": "sha256:61f2ca0cd0aa77279eb943c07f607438edf374096b66332fae1ee64a6f0f73ad",
            "version": "==0.44"
        },
        "protobuf": {
            "hash": "sha256:5b816951df388f4ab2adbd3f9ae5619b9a5d7033d14b005c345dc3ee88a7faf4",
            "version": "==3.4.0"
        },
        "scikit-learn": {
            "hash": "sha256:74c36047878abcf8d9a7d360ad0ac663f1204df0e6d7c70c2f7c8d79af879e02",
            "version": "==0.19.0"
        },
        "scipy": {
            "hash": "sha256:4c26ef44e8bb2cd2aef11c60d163caa04670d6f42996789b209526677310ded2",
            "version": "==0.19.1"
        },
        "setuptools": {
            "hash": "sha256:ef824aefbd20dc364891836b75a19386dcf2f4235bf7d80531a8517ab29d0602",
            "version": "==36.5.0"
        },
        "six": {
            "hash": "sha256:832dc0e10feb1aa2c68dcc57dbb658f1c7e65b9b61af69048abc87a2db00a0eb",
            "version": "==1.11.0"
        },
        "tensorflow": {
            "hash": "sha256:e9c43187c69970f7f1f12ff220185bb0ea83f674de1117989ef372112870b78e",
            "version": "==1.3.0"
        },
        "tensorflow-tensorboard": {
            "hash": "sha256:da63421f93f2649f0477f45245a03080fae7e2cea413361ca45ba8809cee0a2c",
            "version": "==0.1.6"
        },
        "wheel": {
            "hash": "sha256:e721e53864f084f956f40f96124a74da0631ac13fbbd1ba99e8e2b5e9cafdf64",
            "version": "==0.30.0"
        }
    },
    "develop": {}
}