{
    "_meta": {
        "hash": {
            "sha256": "5da5647dfae7f945494eb4aa68ce347d90bcc8c451aa301dbe66eda5235a6aff"
        },
        "host-environment-markers": {
            "implementation_name": "cpython",
            "implementation_version": "3.6.1",
            "os_name": "posix",
            "platform_machine": "x86_64",
            "platform_python_implementation": "CPython",
            "platform_release": "4.10.0-21-generic",
            "platform_system": "Linux",
            "platform_version": "#23-Ubuntu SMP Fri Apr 28 16:14:22 UTC 2017",
            "python_full_version": "3.6.1",
            "python_version": "3.6",
            "sys_platform": "linux"
        },
        "pipfile-spec": 6,
        "requires": {},
        "sources": [
            {
                "url": "https://pypi.python.org/simple",
                "verify_ssl": true
            }
        ]
    },
    "default": {
        "args": {
            "hashes": [
                "sha256:a785b8d837625e9b61c39108532d95b85274acd679693b71ebb5156848fcf814"
            ],
            "version": "==0.1.0"
        },
        "bleach": {
            "hashes": [
                "sha256:e67f46adcec78dbc3c04462f3aba3213a673d5652eba2609ed1ef15492a44b8d",
                "sha256:978e758599b54cd3caa2e160d74102879b230ea8dc93871d0783721eef58bc65"
            ],
            "version": "==1.5.0"
        },
        "certifi": {
            "hashes": [
                "sha256:54a07c09c586b0e4c619f02a5e94e36619da8e2b053e20f594348c0611803704",
                "sha256:40523d2efb60523e113b44602298f0960e900388cf3bb6043f645cf57ea9e3f5"
            ],
            "version": "==2017.7.27.1"
        },
        "chardet": {
            "hashes": [
                "sha256:fc323ffcaeaed0e0a02bf4d117757b98aed530d9ed4531e3e15460124c106691",
                "sha256:84ab92ed1c4d4f16916e05906b6b75a6c0fb5db821cc65e70cbd64a3e2a5eaae"
            ],
            "version": "==3.0.4"
        },
        "click": {
            "hashes": [
                "sha256:29f99fc6125fbc931b758dc053b3114e55c77a6e4c6c3a2674a2dc986016381d",
                "sha256:f15516df478d5a56180fbf80e68f206010e6d160fc39fa508b65e035fd75130b"
            ],
            "version": "==6.7"
        },
        "clint": {
            "hashes": [
                "sha256:05224c32b1075563d0b16d0015faaf9da43aa214e4a2140e51f08789e7a4c5aa"
            ],
            "version": "==0.5.1"
        },
        "cycler": {
            "hashes": [
                "sha256:1d8a5ae1ff6c5cf9b93e8811e581232ad8920aeec647c37316ceac982b08cb2d",
                "sha256:cd7b2d1018258d7247a71425e9f26463dfb444d411c39569972f4ce586b0c9d8"
            ],
            "version": "==0.10.0"
        },
        "floyd-cli": {
            "hashes": [
                "sha256:551b0cd33ec647e21c8ed50f0bbe5950f7bae5336fc4d474ca3bbd16af44b918"
            ],
            "version": "==0.10.17"
        },
        "graphviz": {
            "hashes": [
                "sha256:2b91add3c2f770e2c20a867bb9e1bd2d7e3b95bc4a70ea0b062b4b0a902a2b97",
                "sha256:6bffbec8b7a0619fe745515039d0d6bb41b6632f3dee02bcd2601581abc63f03"
            ],
            "version": "==0.8.1"
        },
        "h5py": {
            "hashes": [
                "sha256:562045c57a2e47aca9c716ac8cd64448d4897c0f5fe456ab5a34b17c8b3907cb",
                "sha256:e1bfcfa2c425dc0f637d4edd858b94e400bbb5746dba324ace124d55fc21d3df",
                "sha256:9e0537058efea7547d976f9c00067f7193727bb41ce6b4733c52de35beaa46f5",
                "sha256:9d9fb861e10735c5c710fe18f34c69e470cf161a4ba38717b7dde21de2d33760",
                "sha256:2d137a1b2f529e58886b5865f6dec51cd96ea0671dd84cebc6dba5cd8c7d0a75",
                "sha256:2ccb4f405059314829ebad1859d2c68e133a9d13ca7c3cc7a298a76a438fd09c",
                "sha256:52204972a02032d6a427addd37a24a22a2b97d4bce0850c84a6995db9c91926c",
                "sha256:1be9cd57e74b24f836d0d2c34ae376ff2df704f40aa8815aa9113b5a860d467f",
                "sha256:2258fca3533a3276fd86e9196326786f408a95748ac707c010fff265edf60342",
                "sha256:66609c48f8841357ced4291b7c9009518bb6e6fec449d91eb46aa417b6f5f4cf",
                "sha256:4a6e6cd8668fa453864f4f9e243460dcc2d41e79d14516b84f4ba74ebcc5b222",
                "sha256:a314e5e98037ece52ad0b88b4e0d788ca554935268f3e9d293ca9bcd18611b42",
                "sha256:478efa37b84a56061af5fcd286678331e873e216f6c5987cd31f9666edc2f157",
                "sha256:2b91c9117f2e7a2ef924bec41ac77e57567bec6731773373bf78eb4387b39a2a",
                "sha256:07ddea6bb649a257fc57ccae359a36d691b2ef8b9617971ae7d6f74ef6f67cad",
                "sha256:bb990d8663dbeee22ce44135ffd65ab38bd23d6a689722a653cfbf2d18d46688",
                "sha256:e78f09a44fc9256b84c9df98edf7b6ead3b3da2e12bf2d1e00384960a6a78a1a",
                "sha256:40dd37cbf24ca3b935a8d6eb8960ec5d0381219f82317bdc40aa9e08b3fcc143",
                "sha256:1fad9aa32835230de77b31edd6980b7c202de7bb7d8384d1bcb47b5dd32c8c7c",
                "sha256:537a60879485e5ce484ab4350c7bd8b3da4b531f9f82ef0a18780beabde98c90",
                "sha256:c050791989cd9979fe57a770d4e323b2e67ef95800e89e7dc6ad3652b8ccd86f",
                "sha256:b7e1c42367513108c3615cf1a24a9d366fd93eb9d2d92085bafb3011b785e8a9",
                "sha256:180a688311e826ff6ae6d3bda9b5c292b90b28787525ddfcb10a29d5ddcae2cc"
            ],
            "version": "==2.7.1"
        },
        "html5lib": {
            "hashes": [
                "sha256:2612a191a8d5842bfa057e41ba50bbb9dcb722419d2408c78cff4758d0754868"
            ],
            "version": "==0.9999999"
        },
        "idna": {
            "hashes": [
                "sha256:8c7309c718f94b3a625cb648ace320157ad16ff131ae0af362c9f21b80ef6ec4",
                "sha256:2c6a5de3089009e3da7c5dde64a141dbc8551d5b7f6cf4ed7c2568d0cc520a8f"
            ],
            "version": "==2.6"
        },
        "keras": {
            "hashes": [
                "sha256:b8b4682d3a77f4d74dd6e5dc9a7a71584f3bedcfd3ea58501c9415e4fd408475",
                "sha256:899dc6aaed366f20100b9f80cf1093ea5b43eecc74afd1dc63a4e48dfa776ab9"
            ],
            "version": "==2.0.8"
        },
        "markdown": {
            "hashes": [
                "sha256:73af797238b95768b3a9b6fe6270e250e5c09d988b8e5b223fd5efa4e06faf81"
            ],
            "version": "==2.6.9"
        },
        "marshmallow": {
            "hashes": [
                "sha256:3f2b795b9b0db24f92d7e2dcaa5c1dfef4a08312a0e5c738386e7aa04ec357c1",
                "sha256:09943a460026b9a61c3f4cedd0e5ccfed7cfce3271debd19e3f97df561088718"
            ],
            "version": "==2.14.0"
        },
        "matplotlib": {
            "hashes": [
                "sha256:b2e3b1eaf3a2753a1a63826bf4ab7487b383fbef5ef4941b25f4193baaa95d95",
                "sha256:d0d7036045e6a08663e428e4ea4af69164cdd79c486d31be835bb2ca7f5f1962",
                "sha256:a5ba34f1b4d1e81be4df0fd033abd8062dbce2eca5b3a25339edb31e4390568a",
                "sha256:c8579a840a1bd93e00a273aac0be3edd94b805fe4cd2156f01611622032188d1",
                "sha256:063a07660bee266c947e5ac0044053074c3ff3e5398614538d21c29b622ed0bd",
                "sha256:ea24f02268149aebe4f239635da8183f4e43f9116eebf8fcd365e2d04bc821fe",
                "sha256:5c50343bc8e70f2b811188790fa899430062ce37696a166374239c838015a995",
                "sha256:4a2d2d97266e4e199266b7e409e5e8be4d3b26b4bad2702b70a8ae18f52d97b4",
                "sha256:50aef54b4f947001667c775b1973928cdb3e33024cb93f81b5b024b34b1488a7",
                "sha256:14b0ab89e58621105c7b2cfd5ddc6cf13a87ac7cbcc73c287e4003d1f5e40fae",
                "sha256:c665d3daf24f95acbd1541681ab1185e283afc046fe4175bfceab2cf26a8620b",
                "sha256:f490f684a241cd88003afebc356f5c69bdced22e549fbd50b914f7fe07ce4fa3",
                "sha256:09214eb11171a8426c9c89a236f05f26a76b204e5346dd4382ddcfb74820d467",
                "sha256:226f9c3799c16fdfc9be4b64bee2f1956626eddb58b24359247b0fb72afd76a0",
                "sha256:fa6155cf41857135bff125419256ccab6ce81e0cd63fac60a7c673efa8a989dd",
                "sha256:353b56cd2fed8977767356cb686e3bf74789a4abd81e4bdfc4d57b40679fe057",
                "sha256:11c7ed4716833c5b70f72f6c795a948d413e2af659442aa145d1e91868393084",
                "sha256:4b5f16c9cefde553ea79975305dcaa67c8e13d927b6e55aa14b4a8d867e25387"
            ],
            "version": "==2.1.0"
        },
        "numpy": {
            "hashes": [
                "sha256:910e7ae5eeee8d322775187692c5c66719cd58d230fbfd57245ea3cf75716910",
                "sha256:f5c9ca457057cd5e12ddab36cded8b1f38bf1f45bf550d4ca2839b11ec57f597",
                "sha256:d29e72413b66df23c75b9b469253c823698ea2e00f58e9e0df64b7a50696e8ac",
                "sha256:539345898a4ae17421c159ae2a350901a5e6ce3da8f24168c6c67b3536e13de8",
                "sha256:929928932f91082a168e36984179deddd58f8e98822ad2f33a2955d7c4eec596",
                "sha256:62b09f3d1ea01d79c16a6642cb21599f53b9338c59971b2418a573155d2202ec",
                "sha256:c4b1914d86c43399438518a2ac8bcba2fb64dd5a18efddded3783b9daae70933",
                "sha256:6c6feb0647380db6e1d5d49ef9fb59c42240f25fb8df8b6e82ecb436c7e0621a",
                "sha256:da2f47e46d7a93b73891d1981378717dc73c6ad5cc4fd23c934bfea7847fa958",
                "sha256:4c767b6d9c9a071bb36ea34eb240ee5192fe0bc4c13be5e6c51e0350a30f7ac0",
                "sha256:b2f98838f4bbc3bf23af7e97ffcad18a2dc6bbb0726796781e02b9347af6685f",
                "sha256:11fcbed36c101a3b9c4636e791efccba82409ebbedaba938c97be8bdddd029cc",
                "sha256:8969c8f987f8bcc3e30c014532cfc20e4a8f86a50c361596e086310853adacb7",
                "sha256:2875e8055a1ea8d933b1c9d0f8714c0aa11c097bfadfcb8564c4d868fbf09a41",
                "sha256:09b87d652c03508447d0f618e1d3ae57595acd3e0f0c11ac91bf68ed7bdb3a28",
                "sha256:9cad35b911e150f00bb8080950c7e9f172714bbd0234f5ab74b4e3e2d9288b37",
                "sha256:479863de17f66810db00bccf35289555365da45d3b053ccf539b95ab3b9c24f6",
                "sha256:b162c6b044960b4ea0f42be049ce2af1d18c60f82748f0a27bd5ad182a731bf3",
                "sha256:fa656dccfa9141774440575a6e7875d08b93f4a332eb5ae40877b26bed291c01",
                "sha256:7dfa5b49fb2a080bd0d39bfbcff1177bacb14fcb28c857fd65fd0c18938935de",
                "sha256:e8e0e75db757e41463888939d26c8058b4ecd25e563c597e9119f512dc0ee1da",
                "sha256:c8dc6aa96882df6323bf9545934e37c6e05959bd789ae4b14d50509b093907aa",
                "sha256:36ee86d5adbabc4fa2643a073f93d5504bdfed37a149a3a49f4dde259f35a750"
            ],
            "version": "==1.13.3"
        },
        "olefile": {
            "hashes": [
                "sha256:61f2ca0cd0aa77279eb943c07f607438edf374096b66332fae1ee64a6f0f73ad"
            ],
            "version": "==0.44"
        },
        "pathlib2": {
            "hashes": [
                "sha256:db3e43032d23787d3e9aec8c7ef1e0d2c3c589d5f303477661ebda2ca6d4bfba",
                "sha256:d32550b75a818b289bd4c1f96b60c89957811da205afcceab75bc8b4857ea5b3"
            ],
            "version": "==2.3.0"
        },
        "pillow": {
            "hashes": [
                "sha256:cc6a5ed5b8f9d2f25e4e42d562e0ec4df3ce838f9e9b9d9d9b65fac6fe93a4cc",
                "sha256:54898190b538a6c8fa4228e866ff2e7609da1ba9fd1d9cc5dc8ca591d37ce0a8",
                "sha256:a336596b06e062b92eb8201a3b5dff07ae01c3a5d08ce5539d2da49b123f2be6",
                "sha256:922aeb050bd52d8ce9531ab57fd2440bfe975900e8700fec385fb741c3c557c7",
                "sha256:6d814aa655d94c63547fc3208cb6ab886ff1a64c543b31f52658663b1bb3f011",
                "sha256:e66080685863444738f08e13081c287e340b6e4f8bd674a2e0da967776ac6f46",
                "sha256:575a9b3468c82f38be0419cd39d35001ae95a0cc5226534e45430035fecef583",
                "sha256:4fb8ab0f8895fb946454ef6ffe806f49ee387095f2d6112ae24670e5fb8fbcd9",
                "sha256:1d742642d01914b7e0cf6fd597a51f57d21fd68f794cf84803e03e72db78a261",
                "sha256:59cef683d79b85d55a950c1e61dc7b6be0c45a5074692746354cd9a8ace1cd17",
                "sha256:822e4fc261d12fa44d88dadee0e93d59663db94d962d4ffffbf09b1fe5e5be51",
                "sha256:a6f43511c79bed431ec2b56e55150b5222c732cd9e5f80e77a44e068e94c71fc",
                "sha256:2046a2001e2c413998951cc28aa0dbfd4cff846a12e24c2145d42630d5104094",
                "sha256:39c7c9dcf64430091e30ef14d4191b4cae9b7b5ff29762357730aac4866fb189",
                "sha256:f2d71951f473744ac617b645b62d0c4df5372ef4618c425646bfe5e2e8878e61",
                "sha256:9adcfa2477b7e279ebeee75b49f535518201bbd7d26ca2ef1cf6751cb6e658e8",
                "sha256:0e3b56364a2c772c961a8faad8a835d3f24d8848310de035c9e07cc006035cbc",
                "sha256:92087cb92a968421f42235f7d8153f4766b6ba213a6efb36b8060f3c9d294569",
                "sha256:53eaec751151b5713a15b1cd62b06d0fc16d72f56623c15448728c554c30770b",
                "sha256:e595312f67962d6b4fde3b7dffaaaca4becefa522d677676bb57b0ec5f8f921a",
                "sha256:dc32362d0cadf18c3aef7040455760106cafe7dd3c211dc27c507e746376bb56",
                "sha256:759e5e3e99c4ac87b99e9288a75236c63173d1bb24c8d3f9d9d2c8332fceeb0a",
                "sha256:b13106cb83a3b7d1a02fafb94bfafbc980465ba948b76ea1996245959c6783d2",
                "sha256:9184b9788a9cf677e53626a4dc141136a22d349a5480479b98defd3cfb5015a4",
                "sha256:be803fae6af36639524a0f6861a8cface67bbec66c3416c3eaf592f1d45b8b20",
                "sha256:effa82e72f5064439a3d2c7ff615b999eb1c4d65bb1f1e6ee6e2ddb345b3e81e",
                "sha256:9dc002a914cefa710dcb9fb204d34f6cd822662047a6038178f5fc9bfa7be961",
                "sha256:7b3cf7a80608ed661b77793f64e1f2bd1e77136ad0b750aa2c81fac9c7e2c785",
                "sha256:a9bad3405a642649e68568fe9832e8f6ae585354ab0b4ae250816ead11a553a2",
                "sha256:4d3dbd93b131013a71b2e98530dd4945a03c7994d42381e44a921dd8bec300bc",
                "sha256:9a1514bee2e32e0d4c0f55ba7a20f4387f883e37c7d2db64ca50449ffebe86cc",
                "sha256:a9721fe1f6fdfe0c108ea81b1a05dc216f1ec5bb65ef1de1d85fd00494d019e0",
                "sha256:e75d745306ec8aac0e6903358fdfc7fb6854febe551ed753ee7a1cad058b61bb",
                "sha256:ccc9c1f5ba413fc5ee09bc78de7dd2ad8e189edb48f3bc38acedd04a7f43a0c1",
                "sha256:150e24462fd106074a9a63417a55fbb0c633716cef9511f1bd7a773972de14f4",
                "sha256:250d8470661fd657c2583672ab5139f40e7f2ef28ecdc90f87563af0b27f6fba",
                "sha256:a97c715d44efd5b4aa8d739b8fad88b93ed79f1b33fc2822d5802043f3b1b527",
                "sha256:dbefe5aa0882f00f12eceb3fb7df57105cd87fae767ca025db4685b7577c2390",
                "sha256:62a7bbf0a1120ff07a99ddedd383779a8d80bd9d363f3964b2b43a26cef6ea50",
                "sha256:42b4a67949085ddd4559c3c716a00a275fb45cb2c3a3aeec95c4b94419b7c243",
                "sha256:0ac037e6c1746d63a1ea354f0d5974d8f3f984fc0333be373ad193711a89b1e9",
                "sha256:8989cbf10ea07fc9982ec86116f6234bb3e44da481874ac94650d6176f60106f",
                "sha256:77834551d3e928f3da922ce9dfb5c8db46758ea2f2922d4c5835a5b67a222aff",
                "sha256:c00301e807084706bd46a1c56694ee235debe68eaf482c0186edfe07b93a9f6a",
                "sha256:0163bd681d3488e2e9c26f4fbbfefcfb7f32259c431bfd2c3bc25574708a8b8c",
                "sha256:223b06c337d8d60fb65af3b540ab1fa4644931d61d1fddf6e32f7a0e496685f2",
                "sha256:1ab641cb7daf88e88ede8d3b89b7bd68a7099d8671160492d5e6845e24426080"
            ],
            "version": "==4.3.0"
        },
        "protobuf": {
            "hashes": [
                "sha256:9f3be25ad48b051186ee88f9567a3f3f548facd360e0cb62568e2736d9cfda11",
                "sha256:1fcb9b704bc2e30767352d86b2664d8f65f8ed49654d7a80e7a150739724e80a",
                "sha256:61dbf86993a9312c3a0816b5252079a3943856003bf0380fea3098c929084ad4",
                "sha256:5b816951df388f4ab2adbd3f9ae5619b9a5d7033d14b005c345dc3ee88a7faf4",
                "sha256:41c4555d9754b985352ce5289fa3ba6b21ed715f595111e46e2b90ca53112475",
                "sha256:36d871fa54ec039b9153e7cbae1fa52a7cfdcd8105e47fb7efc8292b131d0a5c",
                "sha256:4d4815467f8a61b06d648699842b233017b201f7a16275d680ec5480f10e30e9",
                "sha256:ef02609ef445987976a3a26bff77119c518e0915c96661c3a3b17856d0ef6374"
            ],
            "version": "==3.4.0"
        },
        "pydot": {
            "hashes": [
                "sha256:edb5d3f249f97fbd9c4bb16959e61bc32ecf40eee1a9f6d27abe8d01c0a73502"
            ],
            "version": "==1.2.3"
        },
        "pyparsing": {
            "hashes": [
                "sha256:fee43f17a9c4087e7ed1605bd6df994c6173c1e977d7ade7b651292fab2bd010",
                "sha256:0832bcf47acd283788593e7a0f542407bd9550a55a8a8435214a1960e04bcb04",
                "sha256:9e8143a3e15c13713506886badd96ca4b579a87fbdf49e550dbfc057d6cb218e",
                "sha256:281683241b25fe9b80ec9d66017485f6deff1af5cde372469134b56ca8447a07",
                "sha256:b8b3117ed9bdf45e14dcc89345ce638ec7e0e29b2b579fa1ecf32ce45ebac8a5",
                "sha256:8f1e18d3fd36c6795bb7e02a39fd05c611ffc2596c1e0d995d34d67630426c18",
                "sha256:e4d45427c6e20a59bf4f88c639dcc03ce30d193112047f94012102f235853a58"
            ],
            "version": "==2.2.0"
        },
        "python-dateutil": {
            "hashes": [
                "sha256:95511bae634d69bc7329ba55e646499a842bc4ec342ad54a8cdb65645a0aad3c",
                "sha256:891c38b2a02f5bb1be3e4793866c8df49c7d19baabf9c1bad62547e0b4866aca"
            ],
            "version": "==2.6.1"
        },
        "pytz": {
            "hashes": [
                "sha256:c883c2d6670042c7bc1688645cac73dd2b03193d1f7a6847b6154e96890be06d",
                "sha256:03c9962afe00e503e2d96abab4e8998a0f84d4230fa57afe1e0528473698cdd9",
                "sha256:487e7d50710661116325747a9cd1744d3323f8e49748e287bc9e659060ec6bf9",
                "sha256:43f52d4c6a0be301d53ebd867de05e2926c35728b3260157d274635a0a947f1c",
                "sha256:d1d6729c85acea5423671382868627129432fba9a89ecbb248d8d1c7a9f01c67",
                "sha256:54a935085f7bf101f86b2aff75bd9672b435f51c3339db2ff616e66845f2b8f9",
                "sha256:39504670abb5dae77f56f8eb63823937ce727d7cdd0088e6909e6dcac0f89043",
                "sha256:ddc93b6d41cfb81266a27d23a79e13805d4a5521032b512643af8729041a81b4",
                "sha256:f5c056e8f62d45ba8215e5cb8f50dfccb198b4b9fbea8500674f3443e4689589"
            ],
            "version": "==2017.2"
        },
        "pyyaml": {
            "hashes": [
                "sha256:3262c96a1ca437e7e4763e2843746588a965426550f3797a79fca9c6199c431f",
                "sha256:16b20e970597e051997d90dc2cddc713a2876c47e3d92d59ee198700c5427736",
                "sha256:e863072cdf4c72eebf179342c94e6989c67185842d9997960b3e69290b2fa269",
                "sha256:bc6bced57f826ca7cb5125a10b23fd0f2fff3b7c4701d64c439a300ce665fff8",
                "sha256:c01b880ec30b5a6e6aa67b09a2fe3fb30473008c85cd6a67359a1b15ed6d83a4",
                "sha256:827dc04b8fa7d07c44de11fabbc888e627fa8293b695e0f99cb544fdfa1bf0d1",
                "sha256:592766c6303207a20efc445587778322d7f73b161bd994f227adaa341ba212ab",
                "sha256:5f84523c076ad14ff5e6c037fe1c89a7f73a3e04cf0377cb4d017014976433f3",
                "sha256:0c507b7f74b3d2dd4d1322ec8a94794927305ab4cebbe89cc47fe5e81541e6e8",
                "sha256:b4c423ab23291d3945ac61346feeb9a0dc4184999ede5e7c43e1ffb975130ae6",
                "sha256:ca233c64c6e40eaa6c66ef97058cdc80e8d0157a443655baa1b2966e812807ca",
                "sha256:4474f8ea030b5127225b8894d626bb66c01cda098d47a2b0d3429b6700af9fd8",
                "sha256:326420cbb492172dec84b0f65c80942de6cedb5233c413dd824483989c000608",
                "sha256:5ac82e411044fb129bae5cfbeb3ba626acb2af31a8d17d175004b70862a741a7"
            ],
            "version": "==3.12"
        },
        "raven": {
            "hashes": [
                "sha256:f58ead6842c02d427617e827f4c0a97cfd3f8b648a52e53ef12182002a8663cb",
                "sha256:c0a30bcc3e3206059f79656d80362ce080b1c991c95d867edce559a7294570fe"
            ],
            "version": "==6.2.1"
        },
        "requests": {
            "hashes": [
                "sha256:6a1b267aa90cac58ac3a765d067950e7dbbf75b1da07e895d1f594193a40a38b",
                "sha256:9c443e7324ba5b85070c4a818ade28bfabedf16ea10206da1132edaa6dda237e"
            ],
            "version": "==2.18.4"
        },
        "requests-toolbelt": {
            "hashes": [
                "sha256:42c9c170abc2cacb78b8ab23ac957945c7716249206f90874651971a4acff237",
                "sha256:f6a531936c6fa4c6cfce1b9c10d5c4f498d16528d2a54a22ca00011205a187b5"
            ],
            "version": "==0.8.0"
        },
        "scikit-learn": {
            "hashes": [
                "sha256:3775cca4ce3f94508bb7c8a6b113044b78c16b0a30a5c169ddeb6b9fe57a8a72",
                "sha256:873245b03361710f47c5410a050dc56ee8ae97b9f8dcc6e3a81521ca2b64ad10",
                "sha256:370919e3148253fd6552496c33a1e3d78290a336fc8d1b9349d9e9770fae6ec0",
                "sha256:ce78bf4d10bd7e28807c36c6d2ab25a9934aaf80906ad987622a5e45627d91a2",
                "sha256:ba3fd442ae1a46830789b3578867daaf2c8409dcca6bf192e30e85beeabbfc2f",
                "sha256:a21cf8217e31a9e8e32c559246e05e6909981816152406945ae2e3e244dfcc1f",
                "sha256:e54a3dd1fe1f8124de90b93c48d120e6da2ea8df29b6895325df01ddc1bd8e26",
                "sha256:f9abae483f4d52acd6f660addb1b67e35dc5748655250af479de2ea6aefc6df0",
                "sha256:5c9ff456d67ef9094e5ea272fff2be05d399a47fc30c6c8ed653b94bdf787bd1",
                "sha256:871669cdb5b3481650fe3adff46eb97c455e30ecdc307eaf382ef90d4e2570ab",
                "sha256:d4da369614e55540c7e830ccdd17ab4fe5412ff8e803a4906d3ece393e2e3a63",
                "sha256:42f3c5bd893ed73bf47ccccf04dfb98fae743f397d688bb58c2238c0e6ec15d2",
                "sha256:95b155ef6bf829ddfba6026f100ba8e4218b7171ecab97b2163bc9e8d206848f",
                "sha256:72c194c5092e921d6107a8de8a5adae58c35bbc54e030ba624b6f02fd823bb21",
                "sha256:f528c4b2bba652cf116f5cccf36f4db95a7f9cbfcd1ee549c4e8d0f8628783b5",
                "sha256:d384e6f9a055b7a43492f9d27779adb717eb5dcf78b0603b01d0f070a608d241",
                "sha256:ee8c3b1898c728b6e5b5659c233f547700a1fea13ce876b6fe7d3434c70cc0e0",
                "sha256:56cfa19c31edf62e6414da0a337efee37a4af488b135640e67238786b9be6ab3",
                "sha256:5db9e68a384ce80a17fc449d4d5d9b45025fe17cf468429599bf404eccb51049",
                "sha256:8b17fc29554c5c98d88142f895516a5bec2b6b61daa815e1193a64c868ad53d2",
                "sha256:13136c6e4f6b808569f7f59299d439b2cd718f85d72ea14b5b6077d44ebc7d17",
                "sha256:ddc1eb10138ae93c136cc4b5945d3977f302b5d693592a4731b2805a7d7f2a74",
                "sha256:5ca0ad32ee04abe0d4ba02c8d89d501b4e5e0304bdf4d45c2e9875a735b323a0",
                "sha256:6e0899953611d0c47c0d49c5950082ab016b38811fced91cd2dcc889dd94f50a",
                "sha256:b2a10e2f9b73de10d8486f7a23549093436062b69139158802910a0f154aa53b",
                "sha256:a58746d4f389ea7df1d908dba8b52f709835f91c342f459a3ade5424330c69d1",
                "sha256:fdc39e89bd3466befb76dfc0c258d4ccad159df974954a87de3be5759172a067"
            ],
            "version": "==0.19.1"
        },
        "scipy": {
            "hashes": [
                "sha256:70e6fc3f2f52c9152f05e27eb9bd8543cb862cacb71f8521a571e4ffb837f450",
                "sha256:08041e5336fcd57defcc78650b44b3df652eff3e3a801638d894e50494fb630d",
                "sha256:ff8b6637d8d2c074ed67f3d57513e62f94747c6f1210f43e60ad3d8e93a424e4",
                "sha256:5964dba6a3c0be226d44d2520de8fb4ba1501768bad57eec687d36d3f53b6254",
                "sha256:bf36f3485e7b7291c36330a93bbfd4f5e8db23bbe4ea46c37b2839fef463f4e2",
                "sha256:e3a5673c105eab802fdecb77f102d877352e201df9328698a265b7f57546b34b",
                "sha256:cd23894e1cc6eaa00e6807b6b12e4ca66d5ff092986c9c3eb01e97f24e2d6462",
                "sha256:23a7238279ae94e088396b8b05a9795ef598dc79c5cd1adb91ad1ff87c7514fd",
                "sha256:3b66d5e40152175bca75cbbfd1eb5c108c50de9ae5625923f1c4f8f51cbe2dea",
                "sha256:fa17be6c66985931d3a391f61a6ba97c902585cf26020aa3eb24604115732d22",
                "sha256:d84df0bc86bbdd49f0a6b6bad5cd62ccb02a3bfe546bf79263de44ae081bcd7b",
                "sha256:912499ddb521b7ac6287ac4ccf5f296a83d38996c2d04f43c9e62a91f7b420aa",
                "sha256:889602ead28054a15e8c26e1a6b8420d5a4fa777cfeb3ec98cfa52b9f317d153",
                "sha256:5774adb6047983489bc81edaa72cd132e665e5680f0b2cf8ea28cd3b99e65d39",
                "sha256:01c7040a83eb4e020ab729488637dcadef54cb728b035b76668ab92a72515d60",
                "sha256:046705c604c6f1d63cad3e89677c0618b7abb40ed09a4c241c671a2d8e5128a9",
                "sha256:1f58fbd59e8d9652759df0d137832ff2a325ed708c173cba20c86589d811c210",
                "sha256:424500b2fe573d30de6dea927076c01acaadb3efb3d1f40340e8cc37151ccf27",
                "sha256:97123a25216616723083942eb595f47fee18da6b637a88b803de5f078009003c",
                "sha256:a79b99b8b5af9a63312bd053bbb7bdb7710e6bbb9cc81617f9f6b9b1e49c72f8",
                "sha256:9bd193686fd837472bdb6425486cb234ed0a4db76b930c141cc8d095ab213c8d",
                "sha256:a9e479648aab5f36330da94f351ebbfe79acb4e6f5e6ac6aeddc9291eb096839",
                "sha256:87ea1f11a0e9ec08c264dc64551d501fa307289460705f6fccd84cbfc7926d10"
            ],
            "version": "==1.0.0"
        },
        "six": {
            "hashes": [
                "sha256:832dc0e10feb1aa2c68dcc57dbb658f1c7e65b9b61af69048abc87a2db00a0eb",
                "sha256:70e8a77beed4562e7f14fe23a786b54f6296e34344c23bc42f07b15018ff98e9"
            ],
            "version": "==1.11.0"
        },
        "tabulate": {
            "hashes": [
                "sha256:b9b4d2fc712c1e3b8f2970edf6d83fd8a329d0148de78bbe2755a79a96c190fa"
            ],
            "version": "==0.8.1"
        },
        "tensorflow": {
            "hashes": [
                "sha256:e417a8d7fa73ffe8ac843cff24a9c91792a71d3382cd8d58d519758917ae7e5a",
                "sha256:0bf3866115184d97993d702f2f47cd557fa5a26b6661aa94aa16c05e4a545cfb",
                "sha256:cbeeeba2f2a47b4103ff8376e3d5e65689efba79de263a54ea31492500f8479a",
                "sha256:76b127f80752c2ac0e82658628c4728645749e098adfbb3bc2e9aa71c99b6bab",
                "sha256:983d0651b1bc1d270139c3f0c5433987c05979313cbed8b0366ceecd9e5ca384",
                "sha256:fba300c268ac30c886d33b45e7ca8a1bbe3f0091e4c4d8289e36cbb946950da0",
                "sha256:40c8c0745d532d1f6a6c21747ffde6784cce1d5fc33e1a96958a0e7e02aa44e6",
                "sha256:e9c43187c69970f7f1f12ff220185bb0ea83f674de1117989ef372112870b78e",
                "sha256:0059541bc69fb035ab2e3a752e5e3c0fbf05f360589af4d46b2e6bc72caac04c",
                "sha256:8e3e0210d367488749bb673607e8dd711d3524f7216e7b1059d9bebd610032d4",
                "sha256:a535a4a32aaaf5c59dc582ed472f321a86bf1786d17931c017c0ec7c8f1a1c02",
                "sha256:f4ff1630c8aa5dda8713e30062227b8b7de30840d28d50445a672f45329026a0"
            ],
            "version": "==1.3.0"
        },
        "tensorflow-tensorboard": {
            "hashes": [
                "sha256:b218029c1bb3ca1c5f6d93673e497ad7011dd4c513924c2eb828fd0d1bf25355",
                "sha256:7dbc00652282b78ea59fec6262f8d03ab510112ba3a9c872799c6f9ad93e6126"
            ],
            "version": "==0.1.8"
        },
        "urllib3": {
            "hashes": [
                "sha256:06330f386d6e4b195fbfc736b297f58c5a892e4440e54d294d7004e3a9bbea1b",
                "sha256:cc44da8e1145637334317feebd728bd869a35285b93cbb4cca2577da7e62db4f"
            ],
            "version": "==1.22"
        },
        "werkzeug": {
            "hashes": [
                "sha256:e8549c143af3ce6559699a01e26fa4174f4c591dbee0a499f3cd4c3781cdec3d",
                "sha256:903a7b87b74635244548b30d30db4c8947fe64c5198f58899ddcd3a13c23bb26"
            ],
            "version": "==0.12.2"
        },
        "wheel": {
            "hashes": [
                "sha256:e721e53864f084f956f40f96124a74da0631ac13fbbd1ba99e8e2b5e9cafdf64",
                "sha256:9515fe0a94e823fd90b08d22de45d7bde57c90edce705b22f5e1ecf7e1b653c8"
            ],
            "version": "==0.30.0"
        }
    },
    "develop": {
        "bleach": {
            "hashes": [
                "sha256:7a316eac1eef1e98b9813636ebe05878aab1a658d2708047fb00fe2bcbc49f84",
                "sha256:760a9368002180fb8a0f4ea48dc6275378e6f311c39d0236d7b904fca1f5ea0d"
            ],
            "version": "==2.1.1"
        },
        "decorator": {
            "hashes": [
                "sha256:95a26b17806e284452bfd97fa20aa1e8cb4ee23542bda4dbac5e4562aa1642cd",
                "sha256:7cb64d38cb8002971710c8899fbdfb859a23a364b7c99dab19d1f719c2ba16b5"
            ],
            "version": "==4.1.2"
        },
        "entrypoints": {
            "hashes": [
                "sha256:10ad569bb245e7e2ba425285b9fa3e8178a0dc92fc53b1e1c553805e15a8825b",
                "sha256:d2d587dde06f99545fb13a383d2cd336a8ff1f359c5839ce3a64c917d10c029f"
            ],
            "version": "==0.2.3"
        },
        "html5lib": {
            "hashes": [
                "sha256:08a3efc117a4fc8c82c3c6d10d6f58ae266428d57ed50258a1466d2cd88de745",
                "sha256:0d5fd54d5b2b79b876007a70c033a4023577768d18022c15681c00561432a0f9"
            ],
            "version": "==1.0b10"
        },
        "ipykernel": {
            "hashes": [
                "sha256:188c786b7d1786b10214aa64089e62bb2ee54dd2aa3d17db5bb39ffacf44b21d",
                "sha256:afe2bebd8b47ac91801f13f26c228897ebd63793e7daa271921fdbc6dd719173",
                "sha256:2e1825aca4e2585b5adb7953ea16e53f53a62159ed49952a564b1e23507205db"
            ],
            "version": "==4.6.1"
        },
        "ipython": {
            "hashes": [
                "sha256:fcc6d46f08c3c4de7b15ae1c426e15be1b7932bcda9d83ce1a4304e8c1129df3",
                "sha256:51c158a6c8b899898d1c91c6b51a34110196815cc905f9be0fa5878e19355608"
            ],
            "version": "==6.2.1"
        },
        "ipython-genutils": {
            "hashes": [
                "sha256:72dd37233799e619666c9f639a9da83c34013a73e8bbc79a7a6348d93c61fab8",
                "sha256:eb2e116e75ecef9d4d228fdc66af54269afa26ab4463042e33785b887c628ba8"
            ],
            "version": "==0.2.0"
        },
        "ipywidgets": {
            "hashes": [
                "sha256:a805635c038783f020bbad50f909a7367a38cae80274f562f82d1f77282e6925",
                "sha256:f98b4c3719097c9d2e6489f303db520b20bd4de3e0b1d6d4f92f81bfe3c2a0c8"
            ],
            "version": "==7.0.3"
        },
        "jedi": {
            "hashes": [
                "sha256:3af518490ffcd00a3074c135b42511e081575e9abd115c216a34491411ceebb0",
                "sha256:f6d5973573e76b1fd2ea75f6dcd6445d02d41ff3af5fc61b275b4e323d1dd396"
            ],
            "version": "==0.11.0"
        },
        "jinja2": {
            "hashes": [
                "sha256:2231bace0dfd8d2bf1e5d7e41239c06c9e0ded46e70cc1094a0aa64b0afeb054",
                "sha256:ddaa01a212cd6d641401cb01b605f4a4d9f37bfc93043d7f760ec70fb99ff9ff"
            ],
            "version": "==2.9.6"
        },
        "jsonschema": {
            "hashes": [
                "sha256:000e68abd33c972a5248544925a0cae7d1125f9bf6c58280d37546b946769a08",
                "sha256:6ff5f3180870836cae40f06fa10419f557208175f13ad7bc26caa77beb1f6e02"
            ],
            "version": "==2.6.0"
        },
        "jupyter": {
            "hashes": [
                "sha256:5b290f93b98ffbc21c0c7e749f054b3267782166d72fa5e3ed1ed4eaf34a2b78",
                "sha256:d9dc4b3318f310e34c82951ea5d6683f67bed7def4b259fafbfe4f1beb1d8e5f",
                "sha256:3e1f86076bbb7c8c207829390305a2b1fe836d471ed54be66a3b8c41e7f46cc7"
            ],
            "version": "==1.0.0"
        },
        "jupyter-client": {
            "hashes": [
                "sha256:9294519538a2768f2e912dc3d82539b2b6b66d10740595b9f5bef7a8ac3d7c69",
                "sha256:08756b021765c97bc5665390700a4255c2df31666ead8bff116b368d09912aba"
            ],
            "version": "==5.1.0"
        },
        "jupyter-console": {
            "hashes": [
                "sha256:3f928b817fc82cda95e431eb4c2b5eb21be5c483c2b43f424761a966bb808094",
                "sha256:545dedd3aaaa355148093c5609f0229aeb121b4852995c2accfa64fe3e0e55cd"
            ],
            "version": "==5.2.0"
        },
        "jupyter-contrib-core": {
            "hashes": [
                "sha256:1ec81e275a8f5858d56b0c4c6cd85335aa8e915001b8657fe51c620c3cdde50f",
                "sha256:e65bc0e932ff31801003cef160a4665f2812efe26a53801925a634735e9a5794"
            ],
            "version": "==0.3.3"
        },
        "jupyter-contrib-nbextensions": {
            "hashes": [
                "sha256:9b697eb6e73573050a5de8fd48abff0c27cf0563c74b4757758ba78b9d3c9299",
                "sha256:6ea0e6f500a7eb0d98dcb79a7a458878d5055f452097180d08cf74ac4b03e36c"
            ],
            "version": "==0.3.3"
        },
        "jupyter-core": {
            "hashes": [
                "sha256:63218bb5c1c0f3bba25027e1b51cf00a71ce2a1b06d1bb4bbb6e311492790125",
                "sha256:a96b129e1641425bf057c3d46f4f44adce747a7d60107e8ad771045c36514d40"
            ],
            "version": "==4.3.0"
        },
        "jupyter-highlight-selected-word": {
            "hashes": [
                "sha256:81bbed6b62ec83f24ea0471293b5a5730a5e127435d794c6b00a6ddc31046aee",
                "sha256:c6827d11d0d881efbae9bf807de2318ac850c857dad27b776b1b45a87b33aca4"
            ],
            "version": "==0.1.0"
        },
        "jupyter-latex-envs": {
            "hashes": [
                "sha256:cae095f58d656efe9c703cbf34dba613b7a435b711de7c08430855b531fc0c4f"
            ],
            "version": "==1.3.8.4"
        },
        "jupyter-nbextensions-configurator": {
            "hashes": [
                "sha256:0abe095aff3c7f4e9d2c2d631f6271b4e327088ba132e8d9ee5703c6b296ba60",
                "sha256:f26bc57cf8ecfddcbe3f868b7c573cd3052528f184553fa57c0abde8351e72e0"
            ],
            "version": "==0.2.8"
        },
        "lxml": {
            "hashes": [
                "sha256:7a8715539adb41c78129983ba69d852e0102a3f51d559eeb91dce1f6290c4ad0",
                "sha256:d3a98dda9831a37ef7f55c5e69c0d276c278f24978f5b36b9fad7eac05a22bfc",
                "sha256:1deacd52638da2d7fcb864c3949f0285638ec10e6aace93ce15c6a2e0ed91b95",
                "sha256:1548247ea3b50014a3ea55ad9446108df191b6a6e51aa8f5953c95b663f382ff",
                "sha256:5da6f5b31ea2b573cb20e88aefc6b49d849d07588ba60871342cae42f569b0d7",
                "sha256:12e348eb57fb79ccf91a49b7b937c49a5bbe1d73ba75589674b76a56d064bda0",
                "sha256:b9e1735918fc1e83c522b9f1048e6bc5af38af958e4efc843046e4b0075a021b",
                "sha256:fafeb4b190bd63ba2bcee2496d99cb7345fafbace6b999403010abdff8c05b72",
                "sha256:9007da6fb1b96fb1c9d7bd65e97bbbad60295abc19833d7e67e05314c1868f58",
                "sha256:cfbf0b956f33cda3af2a1438a2541549b69a7a240e71de7d8ca819b8f1547aac",
                "sha256:0a103253a94cdad86028d273aaebb8b30c75fdf009c23e52cdc8ce88429fd326",
                "sha256:b3d5a0ecf0c2c31c404246b6706b2e477159ee07b73be5102389ab250dd67701",
                "sha256:e92af0fd08c7d2176ad4be4a7c47fd800d6ee05046b41e36ed579c01fb106c25",
                "sha256:feb2144c2ae4035ad57165dd22bdc93b1389158a985c0497a096d39e2b2cd67b",
                "sha256:a4433655219b84a360dbdf2c34d9625c3988a272e6fc028222d528ad5902f6a2",
                "sha256:db98287cb1488eb103930a64444542f6ffe83694ef392f801aa56d648d905663",
                "sha256:307d325ee143b60b9c82912e96e9f4345200c33c8ae00b04b001e4c85fb5f146",
                "sha256:5caec9b174dbf927034d588669c62d2a9d0ce447365b20a3463f4daab1e4f03b",
                "sha256:fb816595494ce21191764572215f56edfbc6d9fbebd1491c8466502892989689",
                "sha256:10399bececdb67f0d9251ecf2dda2abf6ddeee6096741754356f1a3715c8c830",
                "sha256:c263fd15d27f3be93485fcd83a495cbbc35352512d9e31644d49a54504a1be2a",
                "sha256:c10ad53216d5af2b3ba63e65db793cb7dd7e598e17826938045e32f38b0e4814",
                "sha256:d42a5182d4b0953d02e5f46c9f0dc304be736fbaa1c0d2f11326182b9684b5f4",
                "sha256:dd7c22bf890d266e72c5e5c8c44555ffbfe4ca2a329da785e7d8b1972fc3ff74",
                "sha256:93df9805146980e83834ea9320baa6a56d8aea45f63d7d3cc721f71eb1a1bac6",
                "sha256:7ba1b62fe9414d73d493241011df952b72074808debc3a2d6d8a64fb9944edf6",
                "sha256:d2c121f5f77bed1e1eddeee23ee76fee8a3d48fa7a3aab589d12942f87778a9e",
                "sha256:be3aaeb5f468a49f523f16736ccff7d82af2b4b303292ba3d052b5b28f3fbe47"
            ],
            "version": "==4.1.0"
        },
        "markupsafe": {
            "hashes": [
                "sha256:a6be69091dac236ea9c6bc7d012beab42010fa914c459791d627dad4910eb665"
            ],
            "version": "==1.0"
        },
        "mistune": {
            "hashes": [
                "sha256:78f5d7f4850c0df94aeec64f994bb8390ca0bc717034bff8d63452815695f02f",
                "sha256:dc3f43e7cf0abb95cdfecbf82d85c419108d5f13e1844b2a8a2fc0abf24c7a47"
            ],
            "version": "==0.8"
        },
        "nbconvert": {
            "hashes": [
                "sha256:260d390b989a647575b8ecae2cd06a9eaead10d396733d6e50185d5ebd08996e",
                "sha256:12b1a4671d4463ab73af6e4cbcc965b62254e05d182cd54995dda0d0ef9e2db9"
            ],
            "version": "==5.3.1"
        },
        "nbformat": {
            "hashes": [
                "sha256:b9a0dbdbd45bb034f4f8893cafd6f652ea08c8c1674ba83f2dc55d3955743b0b",
                "sha256:f7494ef0df60766b7cabe0a3651556345a963b74dbc16bc7c18479041170d402"
            ],
            "version": "==4.4.0"
        },
        "notebook": {
            "hashes": [
                "sha256:9c0247b63ed33f21c5c6241f09fc7dae84416e6d1a591b6d262b88b49db98e82",
                "sha256:7fafcd1ae638bd70bca3621982a69ccdc47ea19b234694073b617f59e79403ea"
            ],
            "version": "==5.2.0"
        },
        "pandocfilters": {
            "hashes": [
                "sha256:b3dd70e169bb5449e6bc6ff96aea89c5eea8c5f6ab5e207fc2f521a2cf4a0da9"
            ],
            "version": "==1.4.2"
        },
        "parso": {
            "hashes": [
                "sha256:b573acb69f66a970197b5fdbbdfad3b8a417a520e383133b2b4e708f104bfc9a",
                "sha256:c5279916bb417aa2bf634648ff895cf35dce371d7319744884827bfad06f8d7b"
            ],
            "version": "==0.1.0"
        },
        "pexpect": {
            "hashes": [
                "sha256:f853b52afaf3b064d29854771e2db509ef80392509bde2dd7a6ecf2dfc3f0018",
                "sha256:3d132465a75b57aa818341c6521392a06cc660feb3988d7f1074f39bd23c9a92"
            ],
            "markers": "sys_platform != 'win32'",
            "version": "==4.2.1"
        },
        "pickleshare": {
            "hashes": [
                "sha256:c9a2541f25aeabc070f12f452e1f2a8eae2abd51e1cd19e8430402bdf4c1d8b5",
                "sha256:84a9257227dfdd6fe1b4be1319096c20eb85ff1e82c7932f36efccfe1b09737b"
            ],
            "version": "==0.7.4"
        },
        "prompt-toolkit": {
            "hashes": [
                "sha256:3f473ae040ddaa52b52f97f6b4a493cfa9f5920c255a12dc56a7d34397a398a4",
                "sha256:1df952620eccb399c53ebb359cc7d9a8d3a9538cb34c5a1344bdbeb29fbcc381",
                "sha256:858588f1983ca497f1cf4ffde01d978a3ea02b01c8a26a8bbc5cd2e66d816917"
            ],
            "version": "==1.0.15"
        },
        "ptyprocess": {
            "hashes": [
                "sha256:e8c43b5eee76b2083a9badde89fd1bbce6c8942d1045146e100b7b5e014f4f1a",
                "sha256:e64193f0047ad603b71f202332ab5527c5e52aa7c8b609704fc28c0dc20c4365"
            ],
            "version": "==0.5.2"
        },
        "pygments": {
            "hashes": [
                "sha256:78f3f434bcc5d6ee09020f92ba487f95ba50f1e3ef83ae96b9d5ffa1bab25c5d",
                "sha256:dbae1046def0efb574852fab9e90209b23f556367b5a320c0bcb871c77c3e8cc"
            ],
            "version": "==2.2.0"
        },
        "python-dateutil": {
            "hashes": [
                "sha256:95511bae634d69bc7329ba55e646499a842bc4ec342ad54a8cdb65645a0aad3c",
                "sha256:891c38b2a02f5bb1be3e4793866c8df49c7d19baabf9c1bad62547e0b4866aca"
            ],
            "version": "==2.6.1"
        },
        "pyyaml": {
            "hashes": [
                "sha256:3262c96a1ca437e7e4763e2843746588a965426550f3797a79fca9c6199c431f",
                "sha256:16b20e970597e051997d90dc2cddc713a2876c47e3d92d59ee198700c5427736",
                "sha256:e863072cdf4c72eebf179342c94e6989c67185842d9997960b3e69290b2fa269",
                "sha256:bc6bced57f826ca7cb5125a10b23fd0f2fff3b7c4701d64c439a300ce665fff8",
                "sha256:c01b880ec30b5a6e6aa67b09a2fe3fb30473008c85cd6a67359a1b15ed6d83a4",
                "sha256:827dc04b8fa7d07c44de11fabbc888e627fa8293b695e0f99cb544fdfa1bf0d1",
                "sha256:592766c6303207a20efc445587778322d7f73b161bd994f227adaa341ba212ab",
                "sha256:5f84523c076ad14ff5e6c037fe1c89a7f73a3e04cf0377cb4d017014976433f3",
                "sha256:0c507b7f74b3d2dd4d1322ec8a94794927305ab4cebbe89cc47fe5e81541e6e8",
                "sha256:b4c423ab23291d3945ac61346feeb9a0dc4184999ede5e7c43e1ffb975130ae6",
                "sha256:ca233c64c6e40eaa6c66ef97058cdc80e8d0157a443655baa1b2966e812807ca",
                "sha256:4474f8ea030b5127225b8894d626bb66c01cda098d47a2b0d3429b6700af9fd8",
                "sha256:326420cbb492172dec84b0f65c80942de6cedb5233c413dd824483989c000608",
                "sha256:5ac82e411044fb129bae5cfbeb3ba626acb2af31a8d17d175004b70862a741a7"
            ],
            "version": "==3.12"
        },
        "pyzmq": {
            "hashes": [
                "sha256:bf5b68eb52acb511be3e0612758a3fddb8c2557a4b49572615886721a5ec34a3",
                "sha256:f1cf9d6851889adbfc287de48869383b5d413ee8ef6273367640917fa9d0be84",
                "sha256:9c14fb9ebdb040fa73ef1bb1c240fdd4b43f04c3d2a28c1564e73af9a8afa152",
                "sha256:9e514b6b5347e71b626b92fb0bcd58d81e1448b6fd1b4f39287636018db3aa44",
                "sha256:5c50b4cbfa563bddccc2e1cc994c6d20cb3d2f2d97927e69c87414c317a12f9c",
                "sha256:9d1732a096da76c3c9c9b38ee819cd4857a827d136dc3362078f5c86246fe80a",
                "sha256:a0427e1c7792fd157bde2655148f2ece65ce5ae7d9deb040c42b28efba1494e6",
                "sha256:2c8e3137e5e67be5d65cf487ca81980f39179eea166016377d4b075ae4894537",
                "sha256:00e76f45ceb31f905b49a8690da36de4087009b876d3b17318b46c0bf9c4f208",
                "sha256:ad1930709bc5ff9f86e63fe429a4f99e5ddfb75b006463bafbfd024cb0d74c63",
                "sha256:9baa6b3d0c415c0ce1b4abe794e41605e7076b2aeb7b48d71784bbf648125103",
                "sha256:b650147d98c92cf21c3d9896d5a03fa62f5f16a7bcdb7283c74a0b85c3f2fb86",
                "sha256:868bfb8dc6b95c45ce9319f10b2e6c71f600f860783fd060fa0d8242d3f84c05",
                "sha256:2f1c5cde08368d259831b26b27e8ed1d2667238cf2e6797dd72494a8a12af136",
                "sha256:92039c0095fcadcc6baa8de5eabfd65c42c48b3f6a49f62a38660e45c4de9a84",
                "sha256:d3f3b5fd31b662f0c6543e859c2710ac176bb00e3ead0284a86db9d2da24d4c4",
                "sha256:9b0ab561b70e85ed7dff038ea59bf69e88fe5e65cb0af49c1cfa258b5d855953",
                "sha256:39f78f422730d0447e612bd0f00f02ecd84dffa8b6bebb0aca8ae8c2f01ff17d",
                "sha256:d52995526a82a0e3d89cbba0b53c13e8223a003b40913fdf7d577ebc92ecc106",
                "sha256:7722af57f44a8b12d14047b594d67ba92e3faaed2b44ad0e62adb08a3335cd61",
                "sha256:3c3471d3fd9212aff0109d9bf7825bafed9731afc57b583bc655217852a20ac1",
                "sha256:0322543fff5ab6f87d11a8a099c4c07dd8a1719040084b6ce9162bcdf5c45c9d"
            ],
            "version": "==16.0.2"
        },
        "qtconsole": {
            "hashes": [
                "sha256:b3d10314cbaad76c3157cf922eb410812cde472e8e7c6bd3d5a92d30145bcde1",
                "sha256:eff8c2faeda567a0bef5781f419a64e9977988db101652b312b9d74ec0a5109c"
            ],
            "version": "==4.3.1"
        },
        "simplegeneric": {
            "hashes": [
                "sha256:dc972e06094b9af5b855b3df4a646395e43d1c9d0d39ed345b7393560d0b9173"
            ],
            "version": "==0.8.1"
        },
        "six": {
            "hashes": [
                "sha256:832dc0e10feb1aa2c68dcc57dbb658f1c7e65b9b61af69048abc87a2db00a0eb",
                "sha256:70e8a77beed4562e7f14fe23a786b54f6296e34344c23bc42f07b15018ff98e9"
            ],
            "version": "==1.11.0"
        },
        "terminado": {
            "hashes": [
                "sha256:2c0ba1f624067dccaaead7d2247cfe029806355cef124dc2ccb53c83229f0126"
            ],
            "markers": "sys_platform != 'win32'",
            "version": "==0.6"
        },
        "testpath": {
            "hashes": [
                "sha256:039fa6a6c9fd3488f8336d23aebbfead5fa602c4a47d49d83845f55a595ec1b4",
                "sha256:0d5337839c788da5900df70f8e01015aec141aa3fe7936cb0d0a2953f7ac7609"
            ],
            "version": "==0.3.1"
        },
        "tornado": {
            "hashes": [
                "sha256:62a5d4c66bf4e86d25a02e9de97293860b59e61f9c465e80336ba0fc308aacf6",
                "sha256:f109c066411c44bcd3bc877267b45feb8e29092ede59dd0582739444c2344b00",
                "sha256:e66f47db4753c6f6849af1f82f04bdc7d2c1f5d64b7cc11ddd17230295c8887f",
                "sha256:2b40720a7b164848ca5c51fab0feac7e3717adcb87bec77f81f7809b72bf7f56",
                "sha256:1fb8e494cd46c674d86fac5885a3ff87b0e283937a47d74eb3c02a48c9e89ad0"
            ],
            "version": "==4.5.2"
        },
        "traitlets": {
            "hashes": [
                "sha256:c6cb5e6f57c5a9bdaa40fa71ce7b4af30298fbab9ece9815b5d995ab6217c7d9",
                "sha256:9c4bd2d267b7153df9152698efb1050a5d84982d3384a37b2c1f7723ba3e7835"
            ],
            "version": "==4.3.2"
        },
        "wcwidth": {
            "hashes": [
                "sha256:f4ebe71925af7b40a864553f761ed559b43544f8f71746c2d756c7fe788ade7c",
                "sha256:3df37372226d6e63e1b1e1eda15c594bca98a22d33a23832a90998faa96bc65e"
            ],
            "version": "==0.1.7"
        },
        "webencodings": {
            "hashes": [
                "sha256:a0af1213f3c2226497a97e2b3aa01a7e4bee4f403f95be16fc9acd2947514a78",
                "sha256:b36a1c245f2d304965eb4e0a82848379241dc04b865afcc4aab16748587e1923"
            ],
            "version": "==0.5.1"
        },
        "widgetsnbextension": {
            "hashes": [
                "sha256:7d502e39c932c5389f136a6b66e7b1c1346a743d391bc0fee15629d9f0830c85",
                "sha256:3fbedb4ae0883f48af2397c65a8f9fbf8ed868f1808db70f8aa72f25d391fa9b"
            ],
            "version": "==3.0.6"
        }
    }
}
